<?xml version="1.0" encoding="utf-8"?>
<Project ToolsVersion="4.0" xmlns="http://schemas.microsoft.com/developer/msbuild/2003">
  <ItemGroup>
    <Filter Include="ソース ファイル">
      <UniqueIdentifier>{4FC737F1-C7A5-4376-A066-2A32D752A2FF}</UniqueIdentifier>
      <Extensions>cpp;c;cc;cxx;def;odl;idl;hpj;bat;asm;asmx</Extensions>
    </Filter>
    <Filter Include="ヘッダー ファイル">
      <UniqueIdentifier>{93995380-89BD-4b04-88EB-625FBE52EBFB}</UniqueIdentifier>
      <Extensions>h;hh;hpp;hxx;hm;inl;inc;xsd</Extensions>
    </Filter>
    <Filter Include="hlsl">
      <UniqueIdentifier>{039e440f-e65e-4970-9fc5-c3079ffe9b56}</UniqueIdentifier>
    </Filter>
    <Filter Include="WICTextureLoader">
      <UniqueIdentifier>{fdc538b6-1ce8-4eeb-995a-129eacf920f6}</UniqueIdentifier>
    </Filter>
    <Filter Include="ヘッダー ファイル\shader">
      <UniqueIdentifier>{1d7e1096-d41f-436b-b940-6f1bff33cf93}</UniqueIdentifier>
    </Filter>
    <Filter Include="ソース ファイル\shader">
      <UniqueIdentifier>{0f4ee78f-cd03-4723-8666-121a8138acc9}</UniqueIdentifier>
    </Filter>
    <Filter Include="imgui">
      <UniqueIdentifier>{0aba947f-e84f-4976-86f7-4b8a184b48ce}</UniqueIdentifier>
    </Filter>
    <Filter Include="ソース ファイル\actor">
      <UniqueIdentifier>{2a6706f6-dea5-4a83-ae09-3d9a3bd46481}</UniqueIdentifier>
    </Filter>
    <Filter Include="ヘッダー ファイル\actor">
      <UniqueIdentifier>{5d2a93fd-804d-4bdd-b075-476e2fdb8af1}</UniqueIdentifier>
    </Filter>
    <Filter Include="ソース ファイル\scene">
      <UniqueIdentifier>{eb6fd1f6-f296-4d75-8fd7-9d95f356498b}</UniqueIdentifier>
    </Filter>
    <Filter Include="ヘッダー ファイル\scene">
      <UniqueIdentifier>{3bc32096-38fe-4a07-aeb3-7e68cbf93151}</UniqueIdentifier>
    </Filter>
    <Filter Include="ヘッダー ファイル\actor\actor3d">
      <UniqueIdentifier>{b688e8f9-63c1-4950-a2d6-5f347ae6df49}</UniqueIdentifier>
    </Filter>
    <Filter Include="ソース ファイル\actor\actor3d">
      <UniqueIdentifier>{30f3b6bf-1960-4bd3-9835-bc440b4ac7a2}</UniqueIdentifier>
    </Filter>
    <Filter Include="ソース ファイル\actor\actor3d\actor_character">
      <UniqueIdentifier>{e1fb36e1-635d-45e4-8ee8-4fbff0f5712d}</UniqueIdentifier>
    </Filter>
    <Filter Include="ヘッダー ファイル\actor\actor3d\actor_character">
      <UniqueIdentifier>{62d56da7-f8f7-4699-9dd5-c815c87575f7}</UniqueIdentifier>
    </Filter>
    <Filter Include="ソース ファイル\actor\actor3d\actor_camera">
      <UniqueIdentifier>{f5205e39-3cf6-4320-a2a5-9ede58fcb322}</UniqueIdentifier>
    </Filter>
    <Filter Include="ヘッダー ファイル\actor\actor3d\actor_camera">
      <UniqueIdentifier>{02f936f6-838a-41b3-b74c-0667ac5e3b4a}</UniqueIdentifier>
    </Filter>
    <Filter Include="ソース ファイル\actor\actor3d\actor_field">
      <UniqueIdentifier>{806520da-4f9b-41ee-b00a-9d3e1aa24e21}</UniqueIdentifier>
    </Filter>
    <Filter Include="ヘッダー ファイル\actor\actor3d\actor_field">
      <UniqueIdentifier>{c988182f-53e5-476c-b5ce-dd4840167ede}</UniqueIdentifier>
    </Filter>
  </ItemGroup>
  <ItemGroup>
    <ClCompile Include="main.cpp">
      <Filter>ソース ファイル</Filter>
    </ClCompile>
    <ClCompile Include="input.cpp">
      <Filter>ソース ファイル</Filter>
    </ClCompile>
    <ClCompile Include="renderer.cpp">
      <Filter>ソース ファイル</Filter>
    </ClCompile>
    <ClCompile Include="WICTextureLoader.cpp">
      <Filter>WICTextureLoader</Filter>
    </ClCompile>
    <ClCompile Include="shader_manager.cpp">
      <Filter>ソース ファイル\shader</Filter>
    </ClCompile>
    <ClCompile Include="shader.cpp">
      <Filter>ソース ファイル\shader</Filter>
    </ClCompile>
    <ClCompile Include="shader_test.cpp">
      <Filter>ソース ファイル\shader</Filter>
    </ClCompile>
    <ClCompile Include="shader_cube.cpp">
      <Filter>ソース ファイル\shader</Filter>
    </ClCompile>
    <ClCompile Include="imgui\imgui_draw.cpp">
      <Filter>imgui</Filter>
    </ClCompile>
    <ClCompile Include="imgui\imgui_impl_dx11.cpp">
      <Filter>imgui</Filter>
    </ClCompile>
    <ClCompile Include="imgui\imgui.cpp">
      <Filter>imgui</Filter>
    </ClCompile>
    <ClCompile Include="actor.cpp">
      <Filter>ソース ファイル\actor</Filter>
    </ClCompile>
    <ClCompile Include="actor_manager.cpp">
      <Filter>ソース ファイル\actor</Filter>
    </ClCompile>
    <ClCompile Include="process_calculator.cpp">
      <Filter>ソース ファイル</Filter>
    </ClCompile>
    <ClCompile Include="scene.cpp">
      <Filter>ソース ファイル\scene</Filter>
    </ClCompile>
    <ClCompile Include="scene_game01.cpp">
      <Filter>ソース ファイル\scene</Filter>
    </ClCompile>
    <ClCompile Include="scene_manager.cpp">
      <Filter>ソース ファイル\scene</Filter>
    </ClCompile>
    <ClCompile Include="scene_game02.cpp">
      <Filter>ソース ファイル\scene</Filter>
    </ClCompile>
    <ClCompile Include="texture.cpp">
      <Filter>ソース ファイル</Filter>
    </ClCompile>
    <ClCompile Include="sampler_state.cpp">
      <Filter>ソース ファイル</Filter>
    </ClCompile>
    <ClCompile Include="actor_3d.cpp">
      <Filter>ソース ファイル\actor\actor3d</Filter>
    </ClCompile>
    <ClCompile Include="actor_character.cpp">
      <Filter>ソース ファイル\actor\actor3d\actor_character</Filter>
    </ClCompile>
    <ClCompile Include="actor_camera.cpp">
      <Filter>ソース ファイル\actor\actor3d\actor_camera</Filter>
    </ClCompile>
    <ClCompile Include="actor_camera_selecter.cpp">
      <Filter>ソース ファイル\actor</Filter>
    </ClCompile>
    <ClCompile Include="actor_free_camera.cpp">
      <Filter>ソース ファイル\actor\actor3d\actor_camera</Filter>
    </ClCompile>
    <ClCompile Include="edit_math.cpp">
      <Filter>ソース ファイル</Filter>
    </ClCompile>
    <ClCompile Include="actor_cube.cpp">
      <Filter>ソース ファイル\actor\actor3d</Filter>
    </ClCompile>
    <ClCompile Include="actor_fbx_model.cpp">
      <Filter>ソース ファイル\actor\actor3d</Filter>
    </ClCompile>
    <ClCompile Include="shader_fbx.cpp">
      <Filter>ソース ファイル\shader</Filter>
    </ClCompile>
    <ClCompile Include="load_fbx.cpp">
      <Filter>ソース ファイル</Filter>
    </ClCompile>
    <ClCompile Include="model.cpp">
      <Filter>ソース ファイル</Filter>
    </ClCompile>
    <ClCompile Include="actor_field.cpp">
      <Filter>ソース ファイル\actor\actor3d\actor_field</Filter>
    </ClCompile>
    <ClCompile Include="imgui_manager.cpp">
      <Filter>imgui</Filter>
    </ClCompile>
    <ClCompile Include="actor_skydome.cpp">
      <Filter>ソース ファイル\actor\actor3d\actor_field</Filter>
    </ClCompile>
    <ClCompile Include="shader_skydome.cpp">
      <Filter>ソース ファイル\shader</Filter>
    </ClCompile>
  </ItemGroup>
  <ItemGroup>
    <ClInclude Include="main.h">
      <Filter>ヘッダー ファイル</Filter>
    </ClInclude>
    <ClInclude Include="input.h">
      <Filter>ヘッダー ファイル</Filter>
    </ClInclude>
    <ClInclude Include="renderer.h">
      <Filter>ヘッダー ファイル</Filter>
    </ClInclude>
    <ClInclude Include="WICTextureLoader.h">
      <Filter>WICTextureLoader</Filter>
    </ClInclude>
    <ClInclude Include="shader_manager.h">
      <Filter>ヘッダー ファイル\shader</Filter>
    </ClInclude>
    <ClInclude Include="shader.h">
      <Filter>ヘッダー ファイル\shader</Filter>
    </ClInclude>
    <ClInclude Include="shader_test.h">
      <Filter>ヘッダー ファイル\shader</Filter>
    </ClInclude>
    <ClInclude Include="shader_cube.h">
      <Filter>ヘッダー ファイル\shader</Filter>
    </ClInclude>
    <ClInclude Include="imgui\imgui_impl_dx11.h">
      <Filter>imgui</Filter>
    </ClInclude>
    <ClInclude Include="imgui\imgui_internal.h">
      <Filter>imgui</Filter>
    </ClInclude>
    <ClInclude Include="imgui\stb_rect_pack.h">
      <Filter>imgui</Filter>
    </ClInclude>
    <ClInclude Include="imgui\stb_textedit.h">
      <Filter>imgui</Filter>
    </ClInclude>
    <ClInclude Include="imgui\stb_truetype.h">
      <Filter>imgui</Filter>
    </ClInclude>
    <ClInclude Include="imgui\imgui.h">
      <Filter>imgui</Filter>
    </ClInclude>
    <ClInclude Include="imgui\imconfig.h">
      <Filter>imgui</Filter>
    </ClInclude>
    <ClInclude Include="actor.h">
      <Filter>ヘッダー ファイル\actor</Filter>
    </ClInclude>
    <ClInclude Include="actor_manager.h">
      <Filter>ヘッダー ファイル\actor</Filter>
    </ClInclude>
    <ClInclude Include="process_calculator.h">
      <Filter>ヘッダー ファイル</Filter>
    </ClInclude>
    <ClInclude Include="scene_game01.h">
      <Filter>ヘッダー ファイル\scene</Filter>
    </ClInclude>
    <ClInclude Include="scene_manager.h">
      <Filter>ヘッダー ファイル\scene</Filter>
    </ClInclude>
    <ClInclude Include="scene.h">
      <Filter>ヘッダー ファイル\scene</Filter>
    </ClInclude>
    <ClInclude Include="scene_game02.h">
      <Filter>ヘッダー ファイル\scene</Filter>
    </ClInclude>
    <ClInclude Include="texture.h">
      <Filter>ヘッダー ファイル</Filter>
    </ClInclude>
    <ClInclude Include="sampler_state.h">
      <Filter>ヘッダー ファイル</Filter>
    </ClInclude>
    <ClInclude Include="actor_3d.h">
      <Filter>ヘッダー ファイル\actor\actor3d</Filter>
    </ClInclude>
    <ClInclude Include="actor_character.h">
      <Filter>ヘッダー ファイル\actor\actor3d\actor_character</Filter>
    </ClInclude>
    <ClInclude Include="actor_camera.h">
      <Filter>ヘッダー ファイル\actor\actor3d\actor_camera</Filter>
    </ClInclude>
    <ClInclude Include="actor_camera_selecter.h">
      <Filter>ヘッダー ファイル\actor</Filter>
    </ClInclude>
    <ClInclude Include="actor_free_camera.h">
      <Filter>ヘッダー ファイル\actor\actor3d\actor_camera</Filter>
    </ClInclude>
    <ClInclude Include="edit_math.h">
      <Filter>ヘッダー ファイル</Filter>
    </ClInclude>
    <ClInclude Include="actor_cube.h">
      <Filter>ヘッダー ファイル\actor\actor3d</Filter>
    </ClInclude>
    <ClInclude Include="resource.h">
      <Filter>ヘッダー ファイル</Filter>
    </ClInclude>
    <ClInclude Include="actor_fbx_model.h">
      <Filter>ヘッダー ファイル\actor\actor3d</Filter>
    </ClInclude>
    <ClInclude Include="shader_fbx.h">
      <Filter>ヘッダー ファイル\shader</Filter>
    </ClInclude>
    <ClInclude Include="load_fbx.h">
      <Filter>ヘッダー ファイル</Filter>
    </ClInclude>
    <ClInclude Include="model.h">
      <Filter>ヘッダー ファイル</Filter>
    </ClInclude>
    <ClInclude Include="actor_field.h">
      <Filter>ヘッダー ファイル\actor\actor3d\actor_field</Filter>
    </ClInclude>
    <ClInclude Include="imgui_manager.h">
      <Filter>imgui</Filter>
    </ClInclude>
    <ClInclude Include="actor_skydome.h">
      <Filter>ヘッダー ファイル\actor\actor3d\actor_field</Filter>
    </ClInclude>
    <ClInclude Include="shader_skydome.h">
      <Filter>ヘッダー ファイル\shader</Filter>
    </ClInclude>
  </ItemGroup>
  <ItemGroup>
    <FxCompile Include="test.hlsl">
      <Filter>hlsl</Filter>
    </FxCompile>
    <FxCompile Include="cube.hlsl">
      <Filter>hlsl</Filter>
    </FxCompile>
    <FxCompile Include="fbx.hlsl">
      <Filter>hlsl</Filter>
    </FxCompile>
    <FxCompile Include="skydome.hlsl">
      <Filter>hlsl</Filter>
    </FxCompile>
  </ItemGroup>
  <ItemGroup>
    <ResourceCompile Include="3DGameProject.rc" />
  </ItemGroup>
  <ItemGroup>
    <Image Include="resource\texture\icon.ico" />
  </ItemGroup>
</Project>